// !$*UTF8*$!
{
	archiveVersion = 1;
	classes = {
	};
	objectVersion = 46;
	objects = {

/* Begin PBXBuildFile section */
		775CE481176BC5F40091BBB6 /* CampfireAdiumPluginWrapper.m in Sources */ = {isa = PBXBuildFile; fileRef = 775CE480176BC5F40091BBB6 /* CampfireAdiumPluginWrapper.m */; };
		77FAA3AE176BB9210055D9BC /* Cocoa.framework in Frameworks */ = {isa = PBXBuildFile; fileRef = 77FAA3AD176BB9210055D9BC /* Cocoa.framework */; };
		77FAA3B8176BB9210055D9BC /* InfoPlist.strings in Resources */ = {isa = PBXBuildFile; fileRef = 77FAA3B6176BB9210055D9BC /* InfoPlist.strings */; };
		77FAA3D0176BB9770055D9BC /* .gitignore in Resources */ = {isa = PBXBuildFile; fileRef = 77FAA3C0176BB9770055D9BC /* .gitignore */; };
		77FAA3D1176BB9770055D9BC /* campfire-libpurple.7z in Resources */ = {isa = PBXBuildFile; fileRef = 77FAA3C1176BB9770055D9BC /* campfire-libpurple.7z */; };
		77FAA3D2176BB9770055D9BC /* campfire.c in Sources */ = {isa = PBXBuildFile; fileRef = 77FAA3C2176BB9770055D9BC /* campfire.c */; };
		77FAA3D3176BB9770055D9BC /* campfire16.png in Resources */ = {isa = PBXBuildFile; fileRef = 77FAA3C4176BB9770055D9BC /* campfire16.png */; };
		77FAA3D4176BB9770055D9BC /* campfire22.png in Resources */ = {isa = PBXBuildFile; fileRef = 77FAA3C5176BB9770055D9BC /* campfire22.png */; };
		77FAA3D5176BB9770055D9BC /* campfire48.png in Resources */ = {isa = PBXBuildFile; fileRef = 77FAA3C6176BB9770055D9BC /* campfire48.png */; };
		77FAA3D6176BB9770055D9BC /* format_code in Resources */ = {isa = PBXBuildFile; fileRef = 77FAA3C7176BB9770055D9BC /* format_code */; };
		77FAA3D7176BB9770055D9BC /* http.c in Sources */ = {isa = PBXBuildFile; fileRef = 77FAA3C8176BB9770055D9BC /* http.c */; };
		77FAA3D8176BB9770055D9BC /* Makefile in Sources */ = {isa = PBXBuildFile; fileRef = 77FAA3CA176BB9770055D9BC /* Makefile */; };
		77FAA3D9176BB9770055D9BC /* Makefile.mingw in Resources */ = {isa = PBXBuildFile; fileRef = 77FAA3CB176BB9770055D9BC /* Makefile.mingw */; };
		77FAA3DA176BB9770055D9BC /* message.c in Sources */ = {isa = PBXBuildFile; fileRef = 77FAA3CC176BB9770055D9BC /* message.c */; };
		77FAA3DB176BB9770055D9BC /* README.md in Resources */ = {isa = PBXBuildFile; fileRef = 77FAA3CE176BB9770055D9BC /* README.md */; };
		77FAA3DC176BB9770055D9BC /* send_and_respond.pdf in Resources */ = {isa = PBXBuildFile; fileRef = 77FAA3CF176BB9770055D9BC /* send_and_respond.pdf */; };
		FD13635217723BCD00F1534B /* libglib.framework in Frameworks */ = {isa = PBXBuildFile; fileRef = FD13634C17723BCD00F1534B /* libglib.framework */; };
		FD13635317723BCD00F1534B /* libgmodule.framework in Frameworks */ = {isa = PBXBuildFile; fileRef = FD13634D17723BCD00F1534B /* libgmodule.framework */; };
		FD13635417723BCD00F1534B /* libgobject.framework in Frameworks */ = {isa = PBXBuildFile; fileRef = FD13634E17723BCD00F1534B /* libgobject.framework */; };
		FD13635517723BCD00F1534B /* libgthread.framework in Frameworks */ = {isa = PBXBuildFile; fileRef = FD13634F17723BCD00F1534B /* libgthread.framework */; };
		FD13635617723BCD00F1534B /* libintl.framework in Frameworks */ = {isa = PBXBuildFile; fileRef = FD13635017723BCD00F1534B /* libintl.framework */; };
		FD13635717723BCD00F1534B /* libpurple.framework in Frameworks */ = {isa = PBXBuildFile; fileRef = FD13635117723BCD00F1534B /* libpurple.framework */; };
		FD13635B17723BE200F1534B /* Adium.framework in Frameworks */ = {isa = PBXBuildFile; fileRef = FD13635817723BE200F1534B /* Adium.framework */; };
		FD13635C17723BE200F1534B /* AdiumLibpurple.framework in Frameworks */ = {isa = PBXBuildFile; fileRef = FD13635917723BE200F1534B /* AdiumLibpurple.framework */; };
		FD13635D17723BE200F1534B /* AIUtilities.framework in Frameworks */ = {isa = PBXBuildFile; fileRef = FD13635A17723BE200F1534B /* AIUtilities.framework */; };
/* End PBXBuildFile section */

/* Begin PBXFileReference section */
		775CE47F176BC5F30091BBB6 /* CampfireAdiumPluginWrapper.h */ = {isa = PBXFileReference; fileEncoding = 4; lastKnownFileType = sourcecode.c.h; path = CampfireAdiumPluginWrapper.h; sourceTree = "<group>"; };
		775CE480176BC5F40091BBB6 /* CampfireAdiumPluginWrapper.m */ = {isa = PBXFileReference; fileEncoding = 4; lastKnownFileType = sourcecode.c.objc; path = CampfireAdiumPluginWrapper.m; sourceTree = "<group>"; };
		77FAA3AA176BB9210055D9BC /* CampfireAdiumPlugin.bundle */ = {isa = PBXFileReference; explicitFileType = wrapper.cfbundle; includeInIndex = 0; path = CampfireAdiumPlugin.bundle; sourceTree = BUILT_PRODUCTS_DIR; };
		77FAA3AD176BB9210055D9BC /* Cocoa.framework */ = {isa = PBXFileReference; lastKnownFileType = wrapper.framework; name = Cocoa.framework; path = System/Library/Frameworks/Cocoa.framework; sourceTree = SDKROOT; };
		77FAA3B0176BB9210055D9BC /* AppKit.framework */ = {isa = PBXFileReference; lastKnownFileType = wrapper.framework; name = AppKit.framework; path = System/Library/Frameworks/AppKit.framework; sourceTree = SDKROOT; };
		77FAA3B1176BB9210055D9BC /* CoreData.framework */ = {isa = PBXFileReference; lastKnownFileType = wrapper.framework; name = CoreData.framework; path = System/Library/Frameworks/CoreData.framework; sourceTree = SDKROOT; };
		77FAA3B2176BB9210055D9BC /* Foundation.framework */ = {isa = PBXFileReference; lastKnownFileType = wrapper.framework; name = Foundation.framework; path = System/Library/Frameworks/Foundation.framework; sourceTree = SDKROOT; };
		77FAA3B5176BB9210055D9BC /* CampfireAdiumPlugin-Info.plist */ = {isa = PBXFileReference; lastKnownFileType = text.plist.xml; path = "CampfireAdiumPlugin-Info.plist"; sourceTree = "<group>"; };
		77FAA3B7176BB9210055D9BC /* en */ = {isa = PBXFileReference; lastKnownFileType = text.plist.strings; name = en; path = en.lproj/InfoPlist.strings; sourceTree = "<group>"; };
		77FAA3B9176BB9210055D9BC /* CampfireAdiumPlugin-Prefix.pch */ = {isa = PBXFileReference; lastKnownFileType = sourcecode.c.h; path = "CampfireAdiumPlugin-Prefix.pch"; sourceTree = "<group>"; };
		77FAA3C0176BB9770055D9BC /* .gitignore */ = {isa = PBXFileReference; fileEncoding = 4; lastKnownFileType = text; path = .gitignore; sourceTree = "<group>"; };
		77FAA3C1176BB9770055D9BC /* campfire-libpurple.7z */ = {isa = PBXFileReference; lastKnownFileType = file; path = "campfire-libpurple.7z"; sourceTree = "<group>"; };
		77FAA3C2176BB9770055D9BC /* campfire.c */ = {isa = PBXFileReference; fileEncoding = 4; lastKnownFileType = sourcecode.c.c; path = campfire.c; sourceTree = "<group>"; };
		77FAA3C3176BB9770055D9BC /* campfire.h */ = {isa = PBXFileReference; fileEncoding = 4; lastKnownFileType = sourcecode.c.h; path = campfire.h; sourceTree = "<group>"; };
		77FAA3C4176BB9770055D9BC /* campfire16.png */ = {isa = PBXFileReference; lastKnownFileType = image.png; path = campfire16.png; sourceTree = "<group>"; };
		77FAA3C5176BB9770055D9BC /* campfire22.png */ = {isa = PBXFileReference; lastKnownFileType = image.png; path = campfire22.png; sourceTree = "<group>"; };
		77FAA3C6176BB9770055D9BC /* campfire48.png */ = {isa = PBXFileReference; lastKnownFileType = image.png; path = campfire48.png; sourceTree = "<group>"; };
		77FAA3C7176BB9770055D9BC /* format_code */ = {isa = PBXFileReference; fileEncoding = 4; lastKnownFileType = text.script.sh; path = format_code; sourceTree = "<group>"; };
		77FAA3C8176BB9770055D9BC /* http.c */ = {isa = PBXFileReference; fileEncoding = 4; lastKnownFileType = sourcecode.c.c; path = http.c; sourceTree = "<group>"; };
		77FAA3C9176BB9770055D9BC /* http.h */ = {isa = PBXFileReference; fileEncoding = 4; lastKnownFileType = sourcecode.c.h; path = http.h; sourceTree = "<group>"; };
		77FAA3CA176BB9770055D9BC /* Makefile */ = {isa = PBXFileReference; fileEncoding = 4; lastKnownFileType = sourcecode.make; path = Makefile; sourceTree = "<group>"; };
		77FAA3CB176BB9770055D9BC /* Makefile.mingw */ = {isa = PBXFileReference; fileEncoding = 4; lastKnownFileType = text; path = Makefile.mingw; sourceTree = "<group>"; };
		77FAA3CC176BB9770055D9BC /* message.c */ = {isa = PBXFileReference; fileEncoding = 4; lastKnownFileType = sourcecode.c.c; path = message.c; sourceTree = "<group>"; };
		77FAA3CD176BB9770055D9BC /* message.h */ = {isa = PBXFileReference; fileEncoding = 4; lastKnownFileType = sourcecode.c.h; path = message.h; sourceTree = "<group>"; };
		77FAA3CE176BB9770055D9BC /* README.md */ = {isa = PBXFileReference; fileEncoding = 4; lastKnownFileType = text; path = README.md; sourceTree = "<group>"; };
		77FAA3CF176BB9770055D9BC /* send_and_respond.pdf */ = {isa = PBXFileReference; lastKnownFileType = image.pdf; path = send_and_respond.pdf; sourceTree = "<group>"; };
		FD13634C17723BCD00F1534B /* libglib.framework */ = {isa = PBXFileReference; lastKnownFileType = wrapper.framework; name = libglib.framework; path = ../../src/adium/Frameworks/libglib.framework; sourceTree = "<group>"; };
		FD13634D17723BCD00F1534B /* libgmodule.framework */ = {isa = PBXFileReference; lastKnownFileType = wrapper.framework; name = libgmodule.framework; path = ../../src/adium/Frameworks/libgmodule.framework; sourceTree = "<group>"; };
		FD13634E17723BCD00F1534B /* libgobject.framework */ = {isa = PBXFileReference; lastKnownFileType = wrapper.framework; name = libgobject.framework; path = ../../src/adium/Frameworks/libgobject.framework; sourceTree = "<group>"; };
		FD13634F17723BCD00F1534B /* libgthread.framework */ = {isa = PBXFileReference; lastKnownFileType = wrapper.framework; name = libgthread.framework; path = ../../src/adium/Frameworks/libgthread.framework; sourceTree = "<group>"; };
		FD13635017723BCD00F1534B /* libintl.framework */ = {isa = PBXFileReference; lastKnownFileType = wrapper.framework; name = libintl.framework; path = ../../src/adium/Frameworks/libintl.framework; sourceTree = "<group>"; };
		FD13635117723BCD00F1534B /* libpurple.framework */ = {isa = PBXFileReference; lastKnownFileType = wrapper.framework; name = libpurple.framework; path = ../../src/adium/Frameworks/libpurple.framework; sourceTree = "<group>"; };
		FD13635817723BE200F1534B /* Adium.framework */ = {isa = PBXFileReference; lastKnownFileType = wrapper.framework; name = Adium.framework; path = "../../Library/Developer/Xcode/DerivedData/Adium-bwwnuetsnehxiaaqgjlbylcbvnhu/Build/Products/Release/Adium.framework"; sourceTree = "<group>"; };
		FD13635917723BE200F1534B /* AdiumLibpurple.framework */ = {isa = PBXFileReference; lastKnownFileType = wrapper.framework; name = AdiumLibpurple.framework; path = "../../Library/Developer/Xcode/DerivedData/Adium-bwwnuetsnehxiaaqgjlbylcbvnhu/Build/Products/Release/AdiumLibpurple.framework"; sourceTree = "<group>"; };
		FD13635A17723BE200F1534B /* AIUtilities.framework */ = {isa = PBXFileReference; lastKnownFileType = wrapper.framework; name = AIUtilities.framework; path = "../../Library/Developer/Xcode/DerivedData/Adium-bwwnuetsnehxiaaqgjlbylcbvnhu/Build/Products/Release/AIUtilities.framework"; sourceTree = "<group>"; };
/* End PBXFileReference section */

/* Begin PBXFrameworksBuildPhase section */
		77FAA3A7176BB9210055D9BC /* Frameworks */ = {
			isa = PBXFrameworksBuildPhase;
			buildActionMask = 2147483647;
			files = (
				77FAA3AE176BB9210055D9BC /* Cocoa.framework in Frameworks */,
				FD13635217723BCD00F1534B /* libglib.framework in Frameworks */,
				FD13635317723BCD00F1534B /* libgmodule.framework in Frameworks */,
				FD13635417723BCD00F1534B /* libgobject.framework in Frameworks */,
				FD13635517723BCD00F1534B /* libgthread.framework in Frameworks */,
				FD13635617723BCD00F1534B /* libintl.framework in Frameworks */,
				FD13635717723BCD00F1534B /* libpurple.framework in Frameworks */,
				FD13635B17723BE200F1534B /* Adium.framework in Frameworks */,
				FD13635C17723BE200F1534B /* AdiumLibpurple.framework in Frameworks */,
				FD13635D17723BE200F1534B /* AIUtilities.framework in Frameworks */,
			);
			runOnlyForDeploymentPostprocessing = 0;
		};
/* End PBXFrameworksBuildPhase section */

/* Begin PBXGroup section */
		77FAA3A1176BB9210055D9BC = {
			isa = PBXGroup;
			children = (
				775CE47F176BC5F30091BBB6 /* CampfireAdiumPluginWrapper.h */,
				775CE480176BC5F40091BBB6 /* CampfireAdiumPluginWrapper.m */,
				77FAA3BF176BB9770055D9BC /* campfire-libpurple */,
				77FAA3B3176BB9210055D9BC /* CampfireAdiumPlugin */,
				77FAA3AC176BB9210055D9BC /* Frameworks */,
				77FAA3AB176BB9210055D9BC /* Products */,
			);
			sourceTree = "<group>";
		};
		77FAA3AB176BB9210055D9BC /* Products */ = {
			isa = PBXGroup;
			children = (
				77FAA3AA176BB9210055D9BC /* CampfireAdiumPlugin.bundle */,
			);
			name = Products;
			sourceTree = "<group>";
		};
		77FAA3AC176BB9210055D9BC /* Frameworks */ = {
			isa = PBXGroup;
			children = (
				FD13635817723BE200F1534B /* Adium.framework */,
				FD13635917723BE200F1534B /* AdiumLibpurple.framework */,
				FD13635A17723BE200F1534B /* AIUtilities.framework */,
				FD13634C17723BCD00F1534B /* libglib.framework */,
				FD13634D17723BCD00F1534B /* libgmodule.framework */,
				FD13634E17723BCD00F1534B /* libgobject.framework */,
				FD13634F17723BCD00F1534B /* libgthread.framework */,
				FD13635017723BCD00F1534B /* libintl.framework */,
				FD13635117723BCD00F1534B /* libpurple.framework */,
				77FAA3AD176BB9210055D9BC /* Cocoa.framework */,
				77FAA3AF176BB9210055D9BC /* Other Frameworks */,
			);
			name = Frameworks;
			sourceTree = "<group>";
		};
		77FAA3AF176BB9210055D9BC /* Other Frameworks */ = {
			isa = PBXGroup;
			children = (
				77FAA3B0176BB9210055D9BC /* AppKit.framework */,
				77FAA3B1176BB9210055D9BC /* CoreData.framework */,
				77FAA3B2176BB9210055D9BC /* Foundation.framework */,
			);
			name = "Other Frameworks";
			sourceTree = "<group>";
		};
		77FAA3B3176BB9210055D9BC /* CampfireAdiumPlugin */ = {
			isa = PBXGroup;
			children = (
				77FAA3B4176BB9210055D9BC /* Supporting Files */,
			);
			path = CampfireAdiumPlugin;
			sourceTree = "<group>";
		};
		77FAA3B4176BB9210055D9BC /* Supporting Files */ = {
			isa = PBXGroup;
			children = (
				77FAA3B5176BB9210055D9BC /* CampfireAdiumPlugin-Info.plist */,
				77FAA3B6176BB9210055D9BC /* InfoPlist.strings */,
				77FAA3B9176BB9210055D9BC /* CampfireAdiumPlugin-Prefix.pch */,
			);
			name = "Supporting Files";
			sourceTree = "<group>";
		};
		77FAA3BF176BB9770055D9BC /* campfire-libpurple */ = {
			isa = PBXGroup;
			children = (
				77FAA3C0176BB9770055D9BC /* .gitignore */,
				77FAA3C1176BB9770055D9BC /* campfire-libpurple.7z */,
				77FAA3C2176BB9770055D9BC /* campfire.c */,
				77FAA3C3176BB9770055D9BC /* campfire.h */,
				77FAA3C4176BB9770055D9BC /* campfire16.png */,
				77FAA3C5176BB9770055D9BC /* campfire22.png */,
				77FAA3C6176BB9770055D9BC /* campfire48.png */,
				77FAA3C7176BB9770055D9BC /* format_code */,
				77FAA3C8176BB9770055D9BC /* http.c */,
				77FAA3C9176BB9770055D9BC /* http.h */,
				77FAA3CA176BB9770055D9BC /* Makefile */,
				77FAA3CB176BB9770055D9BC /* Makefile.mingw */,
				77FAA3CC176BB9770055D9BC /* message.c */,
				77FAA3CD176BB9770055D9BC /* message.h */,
				77FAA3CE176BB9770055D9BC /* README.md */,
				77FAA3CF176BB9770055D9BC /* send_and_respond.pdf */,
			);
			path = "campfire-libpurple";
			sourceTree = "<group>";
		};
/* End PBXGroup section */

/* Begin PBXNativeTarget section */
		77FAA3A9176BB9210055D9BC /* CampfireAdiumPlugin */ = {
			isa = PBXNativeTarget;
			buildConfigurationList = 77FAA3BC176BB9210055D9BC /* Build configuration list for PBXNativeTarget "CampfireAdiumPlugin" */;
			buildPhases = (
				77FAA3A6176BB9210055D9BC /* Sources */,
				77FAA3A7176BB9210055D9BC /* Frameworks */,
				77FAA3A8176BB9210055D9BC /* Resources */,
			);
			buildRules = (
			);
			dependencies = (
			);
			name = CampfireAdiumPlugin;
			productName = CampfireAdiumPlugin;
			productReference = 77FAA3AA176BB9210055D9BC /* CampfireAdiumPlugin.bundle */;
			productType = "com.apple.product-type.bundle";
		};
/* End PBXNativeTarget section */

/* Begin PBXProject section */
		77FAA3A2176BB9210055D9BC /* Project object */ = {
			isa = PBXProject;
			attributes = {
				LastUpgradeCheck = 0460;
				ORGANIZATIONNAME = "Charles Marshall";
			};
			buildConfigurationList = 77FAA3A5176BB9210055D9BC /* Build configuration list for PBXProject "CampfireAdiumPlugin" */;
			compatibilityVersion = "Xcode 3.2";
			developmentRegion = English;
			hasScannedForEncodings = 0;
			knownRegions = (
				en,
				ca,
				cs,
				da,
				de,
				el_GR,
				en_AU,
				en_CA,
				en_GB,
				es,
				fi,
				fr,
				fr_CA,
				hu,
				is,
				it,
				ja,
				nb,
				nl,
				pl,
				pt,
				pt_PT,
				ru,
				sk,
				sl,
				sv,
				tr,
				uk,
				zh_CN,
				zh_TW,
				sk_SK,
				English,
			);
			mainGroup = 77FAA3A1176BB9210055D9BC;
			productRefGroup = 77FAA3AB176BB9210055D9BC /* Products */;
			projectDirPath = "";
			projectRoot = "";
			targets = (
				77FAA3A9176BB9210055D9BC /* CampfireAdiumPlugin */,
			);
		};
/* End PBXProject section */

/* Begin PBXResourcesBuildPhase section */
		77FAA3A8176BB9210055D9BC /* Resources */ = {
			isa = PBXResourcesBuildPhase;
			buildActionMask = 2147483647;
			files = (
				77FAA3B8176BB9210055D9BC /* InfoPlist.strings in Resources */,
				77FAA3D0176BB9770055D9BC /* .gitignore in Resources */,
				77FAA3D1176BB9770055D9BC /* campfire-libpurple.7z in Resources */,
				77FAA3D3176BB9770055D9BC /* campfire16.png in Resources */,
				77FAA3D4176BB9770055D9BC /* campfire22.png in Resources */,
				77FAA3D5176BB9770055D9BC /* campfire48.png in Resources */,
				77FAA3D6176BB9770055D9BC /* format_code in Resources */,
				77FAA3D9176BB9770055D9BC /* Makefile.mingw in Resources */,
				77FAA3DB176BB9770055D9BC /* README.md in Resources */,
				77FAA3DC176BB9770055D9BC /* send_and_respond.pdf in Resources */,
			);
			runOnlyForDeploymentPostprocessing = 0;
		};
/* End PBXResourcesBuildPhase section */

/* Begin PBXSourcesBuildPhase section */
		77FAA3A6176BB9210055D9BC /* Sources */ = {
			isa = PBXSourcesBuildPhase;
			buildActionMask = 2147483647;
			files = (
				77FAA3D2176BB9770055D9BC /* campfire.c in Sources */,
				77FAA3D7176BB9770055D9BC /* http.c in Sources */,
				77FAA3D8176BB9770055D9BC /* Makefile in Sources */,
				77FAA3DA176BB9770055D9BC /* message.c in Sources */,
				775CE481176BC5F40091BBB6 /* CampfireAdiumPluginWrapper.m in Sources */,
			);
			runOnlyForDeploymentPostprocessing = 0;
		};
/* End PBXSourcesBuildPhase section */

/* Begin PBXVariantGroup section */
		77FAA3B6176BB9210055D9BC /* InfoPlist.strings */ = {
			isa = PBXVariantGroup;
			children = (
				77FAA3B7176BB9210055D9BC /* en */,
			);
			name = InfoPlist.strings;
			sourceTree = "<group>";
		};
/* End PBXVariantGroup section */

/* Begin XCBuildConfiguration section */
		77FAA3BA176BB9210055D9BC /* Debug */ = {
			isa = XCBuildConfiguration;
			buildSettings = {
				ALWAYS_SEARCH_USER_PATHS = YES;
				ARCHS = "$(ARCHS_STANDARD_64_BIT)";
				CLANG_CXX_LANGUAGE_STANDARD = "gnu++0x";
				CLANG_CXX_LIBRARY = "libc++";
				CLANG_ENABLE_OBJC_ARC = YES;
				CLANG_WARN_CONSTANT_CONVERSION = YES;
				CLANG_WARN_EMPTY_BODY = YES;
				CLANG_WARN_ENUM_CONVERSION = YES;
				CLANG_WARN_INT_CONVERSION = YES;
				CLANG_WARN__DUPLICATE_METHOD_MATCH = YES;
				COPY_PHASE_STRIP = NO;
				GCC_C_LANGUAGE_STANDARD = gnu99;
				GCC_DYNAMIC_NO_PIC = NO;
				GCC_ENABLE_OBJC_EXCEPTIONS = YES;
				GCC_OPTIMIZATION_LEVEL = 0;
				GCC_PREPROCESSOR_DEFINITIONS = (
					"DEBUG=1",
					"$(inherited)",
				);
				GCC_SYMBOLS_PRIVATE_EXTERN = NO;
				GCC_WARN_64_TO_32_BIT_CONVERSION = YES;
				GCC_WARN_ABOUT_RETURN_TYPE = YES;
				GCC_WARN_UNINITIALIZED_AUTOS = YES;
				GCC_WARN_UNUSED_VARIABLE = YES;
				MACOSX_DEPLOYMENT_TARGET = 10.8;
				ONLY_ACTIVE_ARCH = YES;
				SDKROOT = macosx;
			};
			name = Debug;
		};
		77FAA3BB176BB9210055D9BC /* Release */ = {
			isa = XCBuildConfiguration;
			buildSettings = {
				ALWAYS_SEARCH_USER_PATHS = YES;
				ARCHS = "$(ARCHS_STANDARD_64_BIT)";
				CLANG_CXX_LANGUAGE_STANDARD = "gnu++0x";
				CLANG_CXX_LIBRARY = "libc++";
				CLANG_ENABLE_OBJC_ARC = YES;
				CLANG_WARN_CONSTANT_CONVERSION = YES;
				CLANG_WARN_EMPTY_BODY = YES;
				CLANG_WARN_ENUM_CONVERSION = YES;
				CLANG_WARN_INT_CONVERSION = YES;
				CLANG_WARN__DUPLICATE_METHOD_MATCH = YES;
				COPY_PHASE_STRIP = YES;
				DEBUG_INFORMATION_FORMAT = "dwarf-with-dsym";
				GCC_C_LANGUAGE_STANDARD = gnu99;
				GCC_ENABLE_OBJC_EXCEPTIONS = YES;
				GCC_WARN_64_TO_32_BIT_CONVERSION = YES;
				GCC_WARN_ABOUT_RETURN_TYPE = YES;
				GCC_WARN_UNINITIALIZED_AUTOS = YES;
				GCC_WARN_UNUSED_VARIABLE = YES;
				MACOSX_DEPLOYMENT_TARGET = 10.8;
				SDKROOT = macosx;
			};
			name = Release;
		};
		77FAA3BD176BB9210055D9BC /* Debug */ = {
			isa = XCBuildConfiguration;
			buildSettings = {
				ADIUM = /Users/houser/src/adium;
				COMBINE_HIDPI_IMAGES = YES;
				FRAMEWORK_SEARCH_PATHS = (
					"$(inherited)",
					"\"$(ADIUM)/build/Debug\"",
					"\"$(ADIUM)/build/Release\"",
					"\"$(ADIUM)/Frameworks\"",
					"\"$(SRCROOT)/../../Library/Developer/Xcode/DerivedData/Adium-bwwnuetsnehxiaaqgjlbylcbvnhu/Build/Products/Release\"",
				);
				GCC_PRECOMPILE_PREFIX_HEADER = YES;
				GCC_PREFIX_HEADER = "CampfireAdiumPlugin/CampfireAdiumPlugin-Prefix.pch";
				HEADER_SEARCH_PATHS = (
					"$(ADIUM)/Frameworks/libpurple.framework/Versions/Current/Headers",
					"$(ADIUM)/Frameworks/libglib.framework/Headers",
					"$(ADIUM)/Frameworks/libintl.framework/Headers",
				);
				INFOPLIST_FILE = "CampfireAdiumPlugin/CampfireAdiumPlugin-Info.plist";
				INSTALL_PATH = "$(LOCAL_LIBRARY_DIR)/Bundles";
				LIBRARY_SEARCH_PATHS = (
					"$(inherited)",
					"\"$(SRCROOT)/../Adium/Dependencies/build/lib\"",
					"\"$(SRCROOT)/../Adium/Dependencies/source/gettext/gettext-runtime/gnulib-lib\"",
					"\"$(SRCROOT)/../Adium/Dependencies/source/gettext/gettext-runtime/intl/.libs\"",
					"\"$(SRCROOT)/../Adium/Dependencies/source/gettext/gettext-tools/gnulib-lib/.libs\"",
					"\"$(SRCROOT)/../Adium/Dependencies/source/gettext/gettext-tools/intl/.libs\"",
					"\"$(SRCROOT)/../Adium/Dependencies/source/gettext/gettext-tools/libgettextpo/.libs\"",
					"\"$(SRCROOT)/../Adium/Dependencies/source/gettext/gettext-tools/libgrep\"",
					"\"$(SRCROOT)/../Adium/Dependencies/source/gettext/gettext-tools/libuniname\"",
					"\"$(SRCROOT)/../Adium/Dependencies/source/gettext/gettext-tools/src/.libs\"",
					"\"$(SRCROOT)/../Adium/Dependencies/source/pkg-config/glib-1.2.10/.libs\"",
					"\"$(SRCROOT)/../Adium/Dependencies/source/pkg-config/glib-1.2.10/gmodule/.libs\"",
					"\"$(SRCROOT)/../Adium/Dependencies/source/pkg-config/glib-1.2.10/gthread/.libs\"",
					"\"$(SRCROOT)/../Adium/Utilities/Log Importers/proteus/.libs\"",
				);
				PRODUCT_NAME = "$(TARGET_NAME)";
				WRAPPER_EXTENSION = bundle;
			};
			name = Debug;
		};
		77FAA3BE176BB9210055D9BC /* Release */ = {
			isa = XCBuildConfiguration;
			buildSettings = {
				ADIUM = /Users/houser/src/adium;
				COMBINE_HIDPI_IMAGES = YES;
				FRAMEWORK_SEARCH_PATHS = (
					"$(inherited)",
					"\"$(ADIUM)/build/Debug\"",
					"\"$(ADIUM)/build/Release\"",
					"\"$(ADIUM)/Frameworks\"",
					"\"$(SRCROOT)/../../Library/Developer/Xcode/DerivedData/Adium-bwwnuetsnehxiaaqgjlbylcbvnhu/Build/Products/Release\"",
				);
				GCC_PRECOMPILE_PREFIX_HEADER = YES;
				GCC_PREFIX_HEADER = "CampfireAdiumPlugin/CampfireAdiumPlugin-Prefix.pch";
				HEADER_SEARCH_PATHS = (
					"$(ADIUM)/Frameworks/libpurple.framework/Versions/Current/Headers",
					"$(ADIUM)/Frameworks/libglib.framework/Headers",
					"$(ADIUM)/Frameworks/libintl.framework/Headers",
				);
				INFOPLIST_FILE = "CampfireAdiumPlugin/CampfireAdiumPlugin-Info.plist";
				INSTALL_PATH = "$(LOCAL_LIBRARY_DIR)/Bundles";
				LIBRARY_SEARCH_PATHS = (
					"$(inherited)",
					"\"$(SRCROOT)/../Adium/Dependencies/build/lib\"",
					"\"$(SRCROOT)/../Adium/Dependencies/source/gettext/gettext-runtime/gnulib-lib\"",
					"\"$(SRCROOT)/../Adium/Dependencies/source/gettext/gettext-runtime/intl/.libs\"",
					"\"$(SRCROOT)/../Adium/Dependencies/source/gettext/gettext-tools/gnulib-lib/.libs\"",
					"\"$(SRCROOT)/../Adium/Dependencies/source/gettext/gettext-tools/intl/.libs\"",
					"\"$(SRCROOT)/../Adium/Dependencies/source/gettext/gettext-tools/libgettextpo/.libs\"",
					"\"$(SRCROOT)/../Adium/Dependencies/source/gettext/gettext-tools/libgrep\"",
					"\"$(SRCROOT)/../Adium/Dependencies/source/gettext/gettext-tools/libuniname\"",
					"\"$(SRCROOT)/../Adium/Dependencies/source/gettext/gettext-tools/src/.libs\"",
					"\"$(SRCROOT)/../Adium/Dependencies/source/pkg-config/glib-1.2.10/.libs\"",
					"\"$(SRCROOT)/../Adium/Dependencies/source/pkg-config/glib-1.2.10/gmodule/.libs\"",
					"\"$(SRCROOT)/../Adium/Dependencies/source/pkg-config/glib-1.2.10/gthread/.libs\"",
					"\"$(SRCROOT)/../Adium/Utilities/Log Importers/proteus/.libs\"",
				);
				PRODUCT_NAME = "$(TARGET_NAME)";
				WRAPPER_EXTENSION = bundle;
			};
			name = Release;
		};
/* End XCBuildConfiguration section */

/* Begin XCConfigurationList section */
		77FAA3A5176BB9210055D9BC /* Build configuration list for PBXProject "CampfireAdiumPlugin" */ = {
			isa = XCConfigurationList;
			buildConfigurations = (
				77FAA3BA176BB9210055D9BC /* Debug */,
				77FAA3BB176BB9210055D9BC /* Release */,
			);
			defaultConfigurationIsVisible = 0;
			defaultConfigurationName = Release;
		};
		77FAA3BC176BB9210055D9BC /* Build configuration list for PBXNativeTarget "CampfireAdiumPlugin" */ = {
			isa = XCConfigurationList;
			buildConfigurations = (
				77FAA3BD176BB9210055D9BC /* Debug */,
				77FAA3BE176BB9210055D9BC /* Release */,
			);
			defaultConfigurationIsVisible = 0;
			defaultConfigurationName = Release;
		};
/* End XCConfigurationList section */
	};
	rootObject = 77FAA3A2176BB9210055D9BC /* Project object */;
}
